
Microsoft Visual Studio Solution File, Format Version 12.00
# Visual Studio Version 17
VisualStudioVersion = 17.0.32112.339
MinimumVisualStudioVersion = 10.0.40219.1
Project("{8BC9CEB8-8B4A-11D0-8D11-00A0C91BC942}") = "homework_0", "homework_0\homework_0.vcxproj", "{F7A2D393-0B99-4CFB-B829-CB9BEC03FE04}"
EndProject
Project("{8BC9CEB8-8B4A-11D0-8D11-00A0C91BC942}") = "homework_1", "homework_1\homework_1.vcxproj", "{A5B3E037-D136-4BFC-88D8-0ED3A3C222A1}"
EndProject
Project("{8BC9CEB8-8B4A-11D0-8D11-00A0C91BC942}") = "homework_2", "homework_2\homework_2.vcxproj", "{6D59EB22-714C-43E4-B263-9B0D2297AB8E}"
EndProject
Project("{8BC9CEB8-8B4A-11D0-8D11-00A0C91BC942}") = "homework_3", "homework_3\homework_3.vcxproj", "{1E57A00C-681F-4663-97AF-DF0285C437B3}"
EndProject
Project("{8BC9CEB8-8B4A-11D0-8D11-00A0C91BC942}") = "homework_4", "homework_4\homework_4.vcxproj", "{400A4442-CFD3-431D-8061-61BD85B60290}"
EndProject
Project("{8BC9CEB8-8B4A-11D0-8D11-00A0C91BC942}") = "homework_5", "homework_5\homework_5.vcxproj", "{A0B6D667-AC71-4CE9-AA93-8FB7F7424E2A}"
EndProject
Project("{8BC9CEB8-8B4A-11D0-8D11-00A0C91BC942}") = "homework_6", "homework_6\homework_6.vcxproj", "{07224A2A-013B-4892-B65C-58ED77DD0D46}"
EndProject
Project("{8BC9CEB8-8B4A-11D0-8D11-00A0C91BC942}") = "homework_7", "homework_7\homework_7.vcxproj", "{5151EBB1-CC05-4910-ACB8-62E39FA20C9D}"
EndProject
Project("{8BC9CEB8-8B4A-11D0-8D11-00A0C91BC942}") = "homework_8", "homework_8\homework_8.vcxproj", "{49F16B7F-0189-4152-BEC1-AD96F00F9019}"
EndProject
Global
	GlobalSection(SolutionConfigurationPlatforms) = preSolution
		Debug|x64 = Debug|x64
		Debug|x86 = Debug|x86
		Release|x64 = Release|x64
		Release|x86 = Release|x86
	EndGlobalSection
	GlobalSection(ProjectConfigurationPlatforms) = postSolution
		{F7A2D393-0B99-4CFB-B829-CB9BEC03FE04}.Debug|x64.ActiveCfg = Debug|x64
		{F7A2D393-0B99-4CFB-B829-CB9BEC03FE04}.Debug|x64.Build.0 = Debug|x64
		{F7A2D393-0B99-4CFB-B829-CB9BEC03FE04}.Debug|x86.ActiveCfg = Debug|Win32
		{F7A2D393-0B99-4CFB-B829-CB9BEC03FE04}.Debug|x86.Build.0 = Debug|Win32
		{F7A2D393-0B99-4CFB-B829-CB9BEC03FE04}.Release|x64.ActiveCfg = Release|x64
		{F7A2D393-0B99-4CFB-B829-CB9BEC03FE04}.Release|x64.Build.0 = Release|x64
		{F7A2D393-0B99-4CFB-B829-CB9BEC03FE04}.Release|x86.ActiveCfg = Release|Win32
		{F7A2D393-0B99-4CFB-B829-CB9BEC03FE04}.Release|x86.Build.0 = Release|Win32
		{A5B3E037-D136-4BFC-88D8-0ED3A3C222A1}.Debug|x64.ActiveCfg = Debug|x64
		{A5B3E037-D136-4BFC-88D8-0ED3A3C222A1}.Debug|x64.Build.0 = Debug|x64
		{A5B3E037-D136-4BFC-88D8-0ED3A3C222A1}.Debug|x86.ActiveCfg = Debug|Win32
		{A5B3E037-D136-4BFC-88D8-0ED3A3C222A1}.Debug|x86.Build.0 = Debug|Win32
		{A5B3E037-D136-4BFC-88D8-0ED3A3C222A1}.Release|x64.ActiveCfg = Release|x64
		{A5B3E037-D136-4BFC-88D8-0ED3A3C222A1}.Release|x64.Build.0 = Release|x64
		{A5B3E037-D136-4BFC-88D8-0ED3A3C222A1}.Release|x86.ActiveCfg = Release|Win32
		{A5B3E037-D136-4BFC-88D8-0ED3A3C222A1}.Release|x86.Build.0 = Release|Win32
		{6D59EB22-714C-43E4-B263-9B0D2297AB8E}.Debug|x64.ActiveCfg = Debug|x64
		{6D59EB22-714C-43E4-B263-9B0D2297AB8E}.Debug|x64.Build.0 = Debug|x64
		{6D59EB22-714C-43E4-B263-9B0D2297AB8E}.Debug|x86.ActiveCfg = Debug|Win32
		{6D59EB22-714C-43E4-B263-9B0D2297AB8E}.Debug|x86.Build.0 = Debug|Win32
		{6D59EB22-714C-43E4-B263-9B0D2297AB8E}.Release|x64.ActiveCfg = Release|x64
		{6D59EB22-714C-43E4-B263-9B0D2297AB8E}.Release|x64.Build.0 = Release|x64
		{6D59EB22-714C-43E4-B263-9B0D2297AB8E}.Release|x86.ActiveCfg = Release|Win32
		{6D59EB22-714C-43E4-B263-9B0D2297AB8E}.Release|x86.Build.0 = Release|Win32
		{1E57A00C-681F-4663-97AF-DF0285C437B3}.Debug|x64.ActiveCfg = Debug|x64
		{1E57A00C-681F-4663-97AF-DF0285C437B3}.Debug|x64.Build.0 = Debug|x64
		{1E57A00C-681F-4663-97AF-DF0285C437B3}.Debug|x86.ActiveCfg = Debug|Win32
		{1E57A00C-681F-4663-97AF-DF0285C437B3}.Debug|x86.Build.0 = Debug|Win32
		{1E57A00C-681F-4663-97AF-DF0285C437B3}.Release|x64.ActiveCfg = Release|x64
		{1E57A00C-681F-4663-97AF-DF0285C437B3}.Release|x64.Build.0 = Release|x64
		{1E57A00C-681F-4663-97AF-DF0285C437B3}.Release|x86.ActiveCfg = Release|Win32
		{1E57A00C-681F-4663-97AF-DF0285C437B3}.Release|x86.Build.0 = Release|Win32
		{400A4442-CFD3-431D-8061-61BD85B60290}.Debug|x64.ActiveCfg = Debug|x64
		{400A4442-CFD3-431D-8061-61BD85B60290}.Debug|x64.Build.0 = Debug|x64
		{400A4442-CFD3-431D-8061-61BD85B60290}.Debug|x86.ActiveCfg = Debug|Win32
		{400A4442-CFD3-431D-8061-61BD85B60290}.Debug|x86.Build.0 = Debug|Win32
		{400A4442-CFD3-431D-8061-61BD85B60290}.Release|x64.ActiveCfg = Release|x64
		{400A4442-CFD3-431D-8061-61BD85B60290}.Release|x64.Build.0 = Release|x64
		{400A4442-CFD3-431D-8061-61BD85B60290}.Release|x86.ActiveCfg = Release|Win32
		{400A4442-CFD3-431D-8061-61BD85B60290}.Release|x86.Build.0 = Release|Win32
		{A0B6D667-AC71-4CE9-AA93-8FB7F7424E2A}.Debug|x64.ActiveCfg = Debug|x64
		{A0B6D667-AC71-4CE9-AA93-8FB7F7424E2A}.Debug|x64.Build.0 = Debug|x64
		{A0B6D667-AC71-4CE9-AA93-8FB7F7424E2A}.Debug|x86.ActiveCfg = Debug|Win32
		{A0B6D667-AC71-4CE9-AA93-8FB7F7424E2A}.Debug|x86.Build.0 = Debug|Win32
		{A0B6D667-AC71-4CE9-AA93-8FB7F7424E2A}.Release|x64.ActiveCfg = Release|x64
		{A0B6D667-AC71-4CE9-AA93-8FB7F7424E2A}.Release|x64.Build.0 = Release|x64
		{A0B6D667-AC71-4CE9-AA93-8FB7F7424E2A}.Release|x86.ActiveCfg = Release|Win32
		{A0B6D667-AC71-4CE9-AA93-8FB7F7424E2A}.Release|x86.Build.0 = Release|Win32
		{07224A2A-013B-4892-B65C-58ED77DD0D46}.Debug|x64.ActiveCfg = Debug|x64
		{07224A2A-013B-4892-B65C-58ED77DD0D46}.Debug|x64.Build.0 = Debug|x64
		{07224A2A-013B-4892-B65C-58ED77DD0D46}.Debug|x86.ActiveCfg = Debug|Win32
		{07224A2A-013B-4892-B65C-58ED77DD0D46}.Debug|x86.Build.0 = Debug|Win32
		{07224A2A-013B-4892-B65C-58ED77DD0D46}.Release|x64.ActiveCfg = Release|x64
		{07224A2A-013B-4892-B65C-58ED77DD0D46}.Release|x64.Build.0 = Release|x64
		{07224A2A-013B-4892-B65C-58ED77DD0D46}.Release|x86.ActiveCfg = Release|Win32
		{07224A2A-013B-4892-B65C-58ED77DD0D46}.Release|x86.Build.0 = Release|Win32
		{5151EBB1-CC05-4910-ACB8-62E39FA20C9D}.Debug|x64.ActiveCfg = Debug|x64
		{5151EBB1-CC05-4910-ACB8-62E39FA20C9D}.Debug|x64.Build.0 = Debug|x64
		{5151EBB1-CC05-4910-ACB8-62E39FA20C9D}.Debug|x86.ActiveCfg = Debug|Win32
		{5151EBB1-CC05-4910-ACB8-62E39FA20C9D}.Debug|x86.Build.0 = Debug|Win32
		{5151EBB1-CC05-4910-ACB8-62E39FA20C9D}.Release|x64.ActiveCfg = Release|x64
		{5151EBB1-CC05-4910-ACB8-62E39FA20C9D}.Release|x64.Build.0 = Release|x64
		{5151EBB1-CC05-4910-ACB8-62E39FA20C9D}.Release|x86.ActiveCfg = Release|Win32
		{5151EBB1-CC05-4910-ACB8-62E39FA20C9D}.Release|x86.Build.0 = Release|Win32
		{49F16B7F-0189-4152-BEC1-AD96F00F9019}.Debug|x64.ActiveCfg = Debug|x64
		{49F16B7F-0189-4152-BEC1-AD96F00F9019}.Debug|x64.Build.0 = Debug|x64
		{49F16B7F-0189-4152-BEC1-AD96F00F9019}.Debug|x86.ActiveCfg = Debug|Win32
		{49F16B7F-0189-4152-BEC1-AD96F00F9019}.Debug|x86.Build.0 = Debug|Win32
		{49F16B7F-0189-4152-BEC1-AD96F00F9019}.Release|x64.ActiveCfg = Release|x64
		{49F16B7F-0189-4152-BEC1-AD96F00F9019}.Release|x64.Build.0 = Release|x64
		{49F16B7F-0189-4152-BEC1-AD96F00F9019}.Release|x86.ActiveCfg = Release|Win32
		{49F16B7F-0189-4152-BEC1-AD96F00F9019}.Release|x86.Build.0 = Release|Win32
	EndGlobalSection
	GlobalSection(SolutionProperties) = preSolution
		HideSolutionNode = FALSE
	EndGlobalSection
	GlobalSection(ExtensibilityGlobals) = postSolution
		SolutionGuid = {ABFE7FCC-6006-4AA4-AD60-C69D85B7511D}
	EndGlobalSection
EndGlobal
